
Microsoft Visual Studio Solution File, Format Version 12.00
# Visual Studio Version 17
VisualStudioVersion = 17.13.35806.99 d17.13
MinimumVisualStudioVersion = 10.0.40219.1
Project("{FAE04EC0-301F-11D3-BF4B-00C04F79EFBC}") = "Piaget", "Piaget\Piaget.csproj", "{6E93E8A0-A917-4621-8489-7EEC7C109F26}"
EndProject
Global
	GlobalSection(SolutionConfigurationPlatforms) = preSolution
		Debug|Any CPU = Debug|Any CPU
		Release|Any CPU = Release|Any CPU
	EndGlobalSection
	GlobalSection(ProjectConfigurationPlatforms) = postSolution
		{6E93E8A0-A917-4621-8489-7EEC7C109F26}.Debug|Any CPU.ActiveCfg = Debug|Any CPU
		{6E93E8A0-A917-4621-8489-7EEC7C109F26}.Debug|Any CPU.Build.0 = Debug|Any CPU
		{6E93E8A0-A917-4621-8489-7EEC7C109F26}.Release|Any CPU.ActiveCfg = Release|Any CPU
		{6E93E8A0-A917-4621-8489-7EEC7C109F26}.Release|Any CPU.Build.0 = Release|Any CPU
	EndGlobalSection
	GlobalSection(SolutionProperties) = preSolution
		HideSolutionNode = FALSE
	EndGlobalSection
	GlobalSection(ExtensibilityGlobals) = postSolution
		SolutionGuid = {A8705BA6-A845-421B-8C68-D8FA0ED843EB}
	EndGlobalSection
EndGlobal
